
Microsoft Visual Studio Solution File, Format Version 12.00
# Visual Studio Version 17
VisualStudioVersion = 17.0.31919.166
MinimumVisualStudioVersion = 10.0.40219.1

#if (setUi)
Project("{9A19103F-16F7-4668-BE54-9A1E7A4F7556}") = "TestTemplate.Ui", "TestTemplate.Ui\TestTemplate.Ui.csproj", "{6070639A-5146-4693-A077-F60D8D530117}"
EndProject
#endif

Project("{9A19103F-16F7-4668-BE54-9A1E7A4F7556}") = "TestTemplate.Api", "TestTemplate.Api\TestTemplate.Api.csproj", "{CA03802D-7099-4E26-B5A5-1B09F03D7B1A}"
EndProject
Global
	GlobalSection(SolutionConfigurationPlatforms) = preSolution
		Debug|Any CPU = Debug|Any CPU
		Release|Any CPU = Release|Any CPU
	EndGlobalSection
	GlobalSection(ProjectConfigurationPlatforms) = postSolution
		{6070639A-5146-4693-A077-F60D8D530117}.Debug|Any CPU.ActiveCfg = Debug|Any CPU
		{6070639A-5146-4693-A077-F60D8D530117}.Debug|Any CPU.Build.0 = Debug|Any CPU
		{6070639A-5146-4693-A077-F60D8D530117}.Release|Any CPU.ActiveCfg = Release|Any CPU
		{6070639A-5146-4693-A077-F60D8D530117}.Release|Any CPU.Build.0 = Release|Any CPU
		{CA03802D-7099-4E26-B5A5-1B09F03D7B1A}.Debug|Any CPU.ActiveCfg = Debug|Any CPU
		{CA03802D-7099-4E26-B5A5-1B09F03D7B1A}.Debug|Any CPU.Build.0 = Debug|Any CPU
		{CA03802D-7099-4E26-B5A5-1B09F03D7B1A}.Release|Any CPU.ActiveCfg = Release|Any CPU
		{CA03802D-7099-4E26-B5A5-1B09F03D7B1A}.Release|Any CPU.Build.0 = Release|Any CPU
	EndGlobalSection
	GlobalSection(SolutionProperties) = preSolution
		HideSolutionNode = FALSE
	EndGlobalSection
	GlobalSection(ExtensibilityGlobals) = postSolution
		SolutionGuid = {E6B449D8-4B1F-403D-9889-7D9AC8879A8D}
	EndGlobalSection
EndGlobal
